
Microsoft Visual Studio Solution File, Format Version 12.00
# Visual Studio Version 17
VisualStudioVersion = 17.5.33516.290
MinimumVisualStudioVersion = 10.0.40219.1
Project("{FAE04EC0-301F-11D3-BF4B-00C04F79EFBC}") = "PatentMakerAssistant", "PatentMakerAssistant\PatentMakerAssistant.csproj", "{A20490A6-47DB-48B7-8874-D8D6FA380F2C}"
EndProject
Project("{FAE04EC0-301F-11D3-BF4B-00C04F79EFBC}") = "PatentMakerAssistantWeb", "PatentMakerAssistantWeb\PatentMakerAssistantWeb.csproj", "{D2C82C60-12B6-42DA-B72A-40956E676926}"
EndProject
Global
	GlobalSection(SolutionConfigurationPlatforms) = preSolution
		Debug|Any CPU = Debug|Any CPU
		Release|Any CPU = Release|Any CPU
	EndGlobalSection
	GlobalSection(ProjectConfigurationPlatforms) = postSolution
		{A20490A6-47DB-48B7-8874-D8D6FA380F2C}.Debug|Any CPU.ActiveCfg = Debug|Any CPU
		{A20490A6-47DB-48B7-8874-D8D6FA380F2C}.Debug|Any CPU.Build.0 = Debug|Any CPU
		{A20490A6-47DB-48B7-8874-D8D6FA380F2C}.Debug|Any CPU.Deploy.0 = Debug|Any CPU
		{A20490A6-47DB-48B7-8874-D8D6FA380F2C}.Release|Any CPU.ActiveCfg = Release|Any CPU
		{A20490A6-47DB-48B7-8874-D8D6FA380F2C}.Release|Any CPU.Build.0 = Release|Any CPU
		{A20490A6-47DB-48B7-8874-D8D6FA380F2C}.Release|Any CPU.Deploy.0 = Release|Any CPU
		{D2C82C60-12B6-42DA-B72A-40956E676926}.Debug|Any CPU.ActiveCfg = Debug|Any CPU
		{D2C82C60-12B6-42DA-B72A-40956E676926}.Debug|Any CPU.Build.0 = Debug|Any CPU
		{D2C82C60-12B6-42DA-B72A-40956E676926}.Release|Any CPU.ActiveCfg = Release|Any CPU
		{D2C82C60-12B6-42DA-B72A-40956E676926}.Release|Any CPU.Build.0 = Release|Any CPU
	EndGlobalSection
	GlobalSection(SolutionProperties) = preSolution
		HideSolutionNode = FALSE
	EndGlobalSection
	GlobalSection(ExtensibilityGlobals) = postSolution
		SolutionGuid = {CFA63E91-F909-4012-8FFC-311D3DA51A36}
	EndGlobalSection
EndGlobal
